# This file is autogenerated, do not edit; changes may be undone by the next 'dep ensure'.


[[projects]]
  digest = "1:e71662c7b64e1f18de8f2c9bf415132b8a8e5b59f3a243fa4141bbcbcf2bf7af"
  name = "github.com/alice02/nifcloud-sdk-go"
  packages = [
    "internal/sdkio",
    "internal/sdkrand",
    "internal/shareddefaults",
    "nifcloud",
    "nifcloud/awserr",
    "nifcloud/awsutil",
    "nifcloud/client",
    "nifcloud/client/metadata",
    "nifcloud/corehandlers",
    "nifcloud/credentials",
    "nifcloud/credentials/ec2rolecreds",
    "nifcloud/credentials/endpointcreds",
    "nifcloud/defaults",
    "nifcloud/ec2metadata",
    "nifcloud/endpoints",
    "nifcloud/request",
    "nifcloud/session",
    "nifcloud/signer/v4",
    "private/protocol",
    "private/protocol/computing",
    "private/protocol/query",
    "private/protocol/query/queryutil",
    "private/protocol/rest",
    "private/protocol/xml/xmlutil",
    "private/signer/v2computing",
    "service/computing",
    "service/nas",
  ]
  pruneopts = "UT"
  revision = "e34ab56a5c17e1db7b578b831171a9c0306e8e36"
  version = "v0.0.3"

[[projects]]
  digest = "1:a54dc69ec3668e0e57ad159a0a8c0ce1ec571174bb4eb6b3915833a8c21d40f3"
  name = "github.com/container-storage-interface/spec"
  packages = ["lib/go/csi/v0"]
  pruneopts = "UT"
  revision = "2178fdeea87f1150a17a63252eee28d4d8141f72"
  version = "v0.3.0"

[[projects]]
  digest = "1:2d8307a7345570ece92d85e80f17c9de719fa44a11f5ccd828ab2bb4a328314c"
  name = "github.com/go-ini/ini"
  packages = ["."]
  pruneopts = "UT"
  revision = "700781759788472518f4ea52321519b066061a7b"
  version = "v1.48.0"

[[projects]]
  branch = "master"
  digest = "1:1ba1d79f2810270045c328ae5d674321db34e3aae468eb4233883b473c5c0467"
  name = "github.com/golang/glog"
  packages = ["."]
  pruneopts = "UT"
  revision = "23def4e6c14b4da8ac2ed8007337bc5eb5007998"

[[projects]]
  digest = "1:43299f4347f25208606272268dc33dbbc45d5f9b3a68c51dca090960e9b61522"
  name = "github.com/golang/protobuf"
  packages = [
    "descriptor",
    "proto",
    "protoc-gen-go/descriptor",
    "ptypes",
    "ptypes/any",
    "ptypes/duration",
    "ptypes/timestamp",
    "ptypes/wrappers",
  ]
  pruneopts = "UT"
  revision = "6c65a5562fc06764971b7c5d05c76c75e84bdbf7"
  version = "v1.3.2"

[[projects]]
  digest = "1:e22af8c7518e1eab6f2eab2b7d7558927f816262586cd6ed9f349c97a6c285c4"
  name = "github.com/jmespath/go-jmespath"
  packages = ["."]
  pruneopts = "UT"
  revision = "0b12d6b5"

[[projects]]
  digest = "1:5f039a8e43dc5b00adee7b38e39baf6c36f607372940c11975f00ec9c5f298ae"
  name = "github.com/kubernetes-csi/csi-lib-utils"
  packages = ["protosanitizer"]
  pruneopts = "UT"
  revision = "b8b7a89535d80e12f2c0f4c53cfb981add8aaca2"
  version = "v0.6.1"

[[projects]]
  branch = "master"
  digest = "1:970a34b46fc4d6dcea441fb2f1419c40fa47fd53fc800bbf0951efda11d99df7"
  name = "golang.org/x/net"
  packages = [
    "context",
    "http/httpguts",
    "http2",
    "http2/hpack",
    "idna",
    "internal/timeseries",
    "trace",
  ]
  pruneopts = "UT"
  revision = "aa69164e4478b84860dc6769c710c699c67058a3"

[[projects]]
  branch = "master"
  digest = "1:1b90e63244513e8514749f45da58e89350d35cb3e12416ce6ed95f41c2a1f177"
  name = "golang.org/x/sys"
  packages = ["unix"]
  pruneopts = "UT"
  revision = "2837fb4f24fee082b8c39b1a6dc9e0ed9f3fbd4f"

[[projects]]
  digest = "1:8d8faad6b12a3a4c819a3f9618cb6ee1fa1cfc33253abeeea8b55336721e3405"
  name = "golang.org/x/text"
  packages = [
    "collate",
    "collate/build",
    "internal/colltab",
    "internal/gen",
    "internal/language",
    "internal/language/compact",
    "internal/tag",
    "internal/triegen",
    "internal/ucd",
    "language",
    "secure/bidirule",
    "transform",
    "unicode/bidi",
    "unicode/cldr",
    "unicode/norm",
    "unicode/rangetable",
  ]
  pruneopts = "UT"
  revision = "342b2e1fbaa52c93f31447ad2c6abc048c63e475"
  version = "v0.3.2"

[[projects]]
  branch = "master"
  digest = "1:583a0c80f5e3a9343d33aea4aead1e1afcc0043db66fdf961ddd1fe8cd3a4faf"
  name = "google.golang.org/genproto"
  packages = ["googleapis/rpc/status"]
  pruneopts = "UT"
  revision = "b8fbc687dcfb8a4f653770e1ea13fc3d0c5085f0"

[[projects]]
  digest = "1:6cd77d0b616d2dcebd363dfecba593f27b0151fc82cdb5fbfb96c5a7cfbc95b5"
  name = "google.golang.org/grpc"
  packages = [
    ".",
    "balancer",
    "balancer/base",
    "balancer/roundrobin",
    "binarylog/grpc_binarylog_v1",
    "codes",
    "connectivity",
    "credentials",
    "credentials/internal",
    "encoding",
    "encoding/proto",
    "grpclog",
    "internal",
    "internal/backoff",
    "internal/balancerload",
    "internal/binarylog",
    "internal/channelz",
    "internal/envconfig",
    "internal/grpcrand",
    "internal/grpcsync",
    "internal/syscall",
    "internal/transport",
    "keepalive",
    "metadata",
    "naming",
    "peer",
    "resolver",
    "resolver/dns",
    "resolver/passthrough",
    "serviceconfig",
    "stats",
    "status",
    "tap",
  ]
  pruneopts = "UT"
  revision = "f6d0f9ee430895e87ef1ceb5ac8f39725bafceef"
  version = "v1.24.0"

[[projects]]
  digest = "1:93e82f25d75aba18436ad1ac042cb49493f096011f2541075721ed6f9e05c044"
  name = "k8s.io/klog"
  packages = ["."]
  pruneopts = "UT"
  revision = "2ca9ad30301bf30a8a6e0fa2110db6b8df699a91"
  version = "v1.0.0"

[[projects]]
  digest = "1:be9057f6352f71788d1ea7782fee622c96407d57c98c2dcc94bf3e2738a2394c"
  name = "k8s.io/kubernetes"
  packages = ["pkg/util/mount"]
  pruneopts = "UT"
  revision = "2bd9643cee5b3b3a5ecbd3af49d09018f0773c77"
  version = "v1.16.0"

[[projects]]
  branch = "master"
  digest = "1:c7bbfe1caee26db2e5ab9e5ae936b852479a9b6495be74ce19e23c20f8aacfe1"
  name = "k8s.io/utils"
  packages = [
    "exec",
    "io",
    "keymutex",
    "path",
  ]
  pruneopts = "UT"
  revision = "69764acb6e8e900b7c05296c5d3c9c19545475f9"

[solve-meta]
  analyzer-name = "dep"
  analyzer-version = 1
  input-imports = [
    "github.com/alice02/nifcloud-sdk-go/nifcloud",
    "github.com/alice02/nifcloud-sdk-go/nifcloud/awserr",
    "github.com/alice02/nifcloud-sdk-go/nifcloud/credentials",
    "github.com/alice02/nifcloud-sdk-go/nifcloud/session",
    "github.com/alice02/nifcloud-sdk-go/service/computing",
    "github.com/alice02/nifcloud-sdk-go/service/nas",
    "github.com/container-storage-interface/spec/lib/go/csi/v0",
    "github.com/golang/glog",
    "github.com/kubernetes-csi/csi-lib-utils/protosanitizer",
    "golang.org/x/net/context",
    "google.golang.org/grpc",
    "google.golang.org/grpc/codes",
    "google.golang.org/grpc/status",
    "k8s.io/kubernetes/pkg/util/mount",
  ]
  solver-name = "gps-cdcl"
  solver-version = 1
  
